// !$*UTF8*$!
{
	archiveVersion = 1;
	classes = {
	};
	objectVersion = 52;
	objects = {

/* Begin PBXBuildFile section */
		060782B2250CE27700A87020 /* AppDelegate.swift in Sources */ = {isa = PBXBuildFile; fileRef = 060782B1250CE27700A87020 /* AppDelegate.swift */; };
		060782B4250CE27700A87020 /* SceneDelegate.swift in Sources */ = {isa = PBXBuildFile; fileRef = 060782B3250CE27700A87020 /* SceneDelegate.swift */; };
		060782B6250CE27700A87020 /* FeedViewController.swift in Sources */ = {isa = PBXBuildFile; fileRef = 060782B5250CE27700A87020 /* FeedViewController.swift */; };
		060782B9250CE27700A87020 /* Main.storyboard in Resources */ = {isa = PBXBuildFile; fileRef = 060782B7250CE27700A87020 /* Main.storyboard */; };
		060782BB250CE27A00A87020 /* Assets.xcassets in Resources */ = {isa = PBXBuildFile; fileRef = 060782BA250CE27A00A87020 /* Assets.xcassets */; };
		060782BE250CE27A00A87020 /* LaunchScreen.storyboard in Resources */ = {isa = PBXBuildFile; fileRef = 060782BC250CE27A00A87020 /* LaunchScreen.storyboard */; };
		060782C6250CEB0A00A87020 /* InfoViewController.swift in Sources */ = {isa = PBXBuildFile; fileRef = 060782C5250CEB0A00A87020 /* InfoViewController.swift */; };
		060782C8250CEE5D00A87020 /* PostViewController.swift in Sources */ = {isa = PBXBuildFile; fileRef = 060782C7250CEE5D00A87020 /* PostViewController.swift */; };
		060782CA250CEE7200A87020 /* Post.swift in Sources */ = {isa = PBXBuildFile; fileRef = 060782C9250CEE7200A87020 /* Post.swift */; };
		B518B629261EFCE7003FD14F /* LoginPasswordError.swift in Sources */ = {isa = PBXBuildFile; fileRef = B518B628261EFCE7003FD14F /* LoginPasswordError.swift */; };
		B535897B2603D0AE00607A58 /* iOSIntPackage in Frameworks */ = {isa = PBXBuildFile; productRef = B535897A2603D0AE00607A58 /* iOSIntPackage */; };
		B5384ECA25CC018600932CCE /* Storage.swift in Sources */ = {isa = PBXBuildFile; fileRef = B5384EC925CC018600932CCE /* Storage.swift */; };
		B5384ECC25CC5F0E00932CCE /* PostTableViewCell.swift in Sources */ = {isa = PBXBuildFile; fileRef = B5384ECB25CC5F0E00932CCE /* PostTableViewCell.swift */; };
		B5384ECE25CD3F8C00932CCE /* ProfileTableHeaderView.swift in Sources */ = {isa = PBXBuildFile; fileRef = B5384ECD25CD3F8C00932CCE /* ProfileTableHeaderView.swift */; };
		B5384ED025CD440000932CCE /* ProfileHeaderView.swift in Sources */ = {isa = PBXBuildFile; fileRef = B5384ECF25CD440000932CCE /* ProfileHeaderView.swift */; };
		B5786983263FED4D0067AC50 /* PostErrors.swift in Sources */ = {isa = PBXBuildFile; fileRef = B5786982263FED4D0067AC50 /* PostErrors.swift */; };
		B592209B25B0AFBE0040E2D7 /* ProfileViewController.swift in Sources */ = {isa = PBXBuildFile; fileRef = B592209A25B0AFBE0040E2D7 /* ProfileViewController.swift */; };
		B5C7EF85266B3AD30041DE61 /* LikedPostsViewController.swift in Sources */ = {isa = PBXBuildFile; fileRef = B5C7EF84266B3AD30041DE61 /* LikedPostsViewController.swift */; };
		B5C7EF88266B705A0041DE61 /* LikedPostsModel.xcdatamodeld in Sources */ = {isa = PBXBuildFile; fileRef = B5C7EF86266B705A0041DE61 /* LikedPostsModel.xcdatamodeld */; };
		B5C7EF8B266CB7760041DE61 /* LikedPosts+CoreDataClass.swift in Sources */ = {isa = PBXBuildFile; fileRef = B5C7EF89266CB7760041DE61 /* LikedPosts+CoreDataClass.swift */; };
		B5C7EF8C266CB7760041DE61 /* LikedPosts+CoreDataProperties.swift in Sources */ = {isa = PBXBuildFile; fileRef = B5C7EF8A266CB7760041DE61 /* LikedPosts+CoreDataProperties.swift */; };
		B5C7EF8E266CC2870041DE61 /* CoreDataStack.swift in Sources */ = {isa = PBXBuildFile; fileRef = B5C7EF8D266CC2870041DE61 /* CoreDataStack.swift */; };
		B5D90E1825C0721600521116 /* LogInViewController.swift in Sources */ = {isa = PBXBuildFile; fileRef = B5D90E1725C0721600521116 /* LogInViewController.swift */; };
		B5D959C425D1358A00E742AB /* PhotosTableViewCell.swift in Sources */ = {isa = PBXBuildFile; fileRef = B5D959C325D1358A00E742AB /* PhotosTableViewCell.swift */; };
		B5D959C625D66A9E00E742AB /* PhotosViewController.swift in Sources */ = {isa = PBXBuildFile; fileRef = B5D959C525D66A9E00E742AB /* PhotosViewController.swift */; };
		B5D959C825D6C70400E742AB /* PhotosCollectionViewCell.swift in Sources */ = {isa = PBXBuildFile; fileRef = B5D959C725D6C70400E742AB /* PhotosCollectionViewCell.swift */; };
		B5F1DF852605D216000B76FA /* LoginChecker.swift in Sources */ = {isa = PBXBuildFile; fileRef = B5F1DF842605D216000B76FA /* LoginChecker.swift */; };
		B5F1DF882605D5AD000B76FA /* LoginViewControllerDelegate.swift in Sources */ = {isa = PBXBuildFile; fileRef = B5F1DF872605D5AD000B76FA /* LoginViewControllerDelegate.swift */; };
		B5F1DF8B2605D844000B76FA /* LoginInspector.swift in Sources */ = {isa = PBXBuildFile; fileRef = B5F1DF8A2605D844000B76FA /* LoginInspector.swift */; };
		EDBF37B7A6B6A7F41E0FD987 /* Pods_Navigation.framework in Frameworks */ = {isa = PBXBuildFile; fileRef = 0BB3B66C2F267D390B920A39 /* Pods_Navigation.framework */; };
/* End PBXBuildFile section */

/* Begin PBXFileReference section */
		060782AE250CE27700A87020 /* Navigation.app */ = {isa = PBXFileReference; explicitFileType = wrapper.application; includeInIndex = 0; path = Navigation.app; sourceTree = BUILT_PRODUCTS_DIR; };
		060782B1250CE27700A87020 /* AppDelegate.swift */ = {isa = PBXFileReference; lastKnownFileType = sourcecode.swift; path = AppDelegate.swift; sourceTree = "<group>"; };
		060782B3250CE27700A87020 /* SceneDelegate.swift */ = {isa = PBXFileReference; lastKnownFileType = sourcecode.swift; path = SceneDelegate.swift; sourceTree = "<group>"; };
		060782B5250CE27700A87020 /* FeedViewController.swift */ = {isa = PBXFileReference; lastKnownFileType = sourcecode.swift; path = FeedViewController.swift; sourceTree = "<group>"; };
		060782B8250CE27700A87020 /* Base */ = {isa = PBXFileReference; lastKnownFileType = file.storyboard; name = Base; path = Base.lproj/Main.storyboard; sourceTree = "<group>"; };
		060782BA250CE27A00A87020 /* Assets.xcassets */ = {isa = PBXFileReference; lastKnownFileType = folder.assetcatalog; path = Assets.xcassets; sourceTree = "<group>"; };
		060782BD250CE27A00A87020 /* Base */ = {isa = PBXFileReference; lastKnownFileType = file.storyboard; name = Base; path = Base.lproj/LaunchScreen.storyboard; sourceTree = "<group>"; };
		060782BF250CE27A00A87020 /* Info.plist */ = {isa = PBXFileReference; lastKnownFileType = text.plist.xml; path = Info.plist; sourceTree = "<group>"; };
		060782C5250CEB0A00A87020 /* InfoViewController.swift */ = {isa = PBXFileReference; lastKnownFileType = sourcecode.swift; path = InfoViewController.swift; sourceTree = "<group>"; };
		060782C7250CEE5D00A87020 /* PostViewController.swift */ = {isa = PBXFileReference; lastKnownFileType = sourcecode.swift; path = PostViewController.swift; sourceTree = "<group>"; };
		060782C9250CEE7200A87020 /* Post.swift */ = {isa = PBXFileReference; lastKnownFileType = sourcecode.swift; path = Post.swift; sourceTree = "<group>"; };
		0BB3B66C2F267D390B920A39 /* Pods_Navigation.framework */ = {isa = PBXFileReference; explicitFileType = wrapper.framework; includeInIndex = 0; path = Pods_Navigation.framework; sourceTree = BUILT_PRODUCTS_DIR; };
		ABC7FD54B49DCED76A440D06 /* Pods-Navigation.release.xcconfig */ = {isa = PBXFileReference; includeInIndex = 1; lastKnownFileType = text.xcconfig; name = "Pods-Navigation.release.xcconfig"; path = "Target Support Files/Pods-Navigation/Pods-Navigation.release.xcconfig"; sourceTree = "<group>"; };
		B518B628261EFCE7003FD14F /* LoginPasswordError.swift */ = {isa = PBXFileReference; lastKnownFileType = sourcecode.swift; path = LoginPasswordError.swift; sourceTree = "<group>"; };
		B5384EC925CC018600932CCE /* Storage.swift */ = {isa = PBXFileReference; fileEncoding = 4; lastKnownFileType = sourcecode.swift; path = Storage.swift; sourceTree = "<group>"; };
		B5384ECB25CC5F0E00932CCE /* PostTableViewCell.swift */ = {isa = PBXFileReference; lastKnownFileType = sourcecode.swift; path = PostTableViewCell.swift; sourceTree = "<group>"; };
		B5384ECD25CD3F8C00932CCE /* ProfileTableHeaderView.swift */ = {isa = PBXFileReference; lastKnownFileType = sourcecode.swift; path = ProfileTableHeaderView.swift; sourceTree = "<group>"; };
		B5384ECF25CD440000932CCE /* ProfileHeaderView.swift */ = {isa = PBXFileReference; lastKnownFileType = sourcecode.swift; path = ProfileHeaderView.swift; sourceTree = "<group>"; };
		B5786982263FED4D0067AC50 /* PostErrors.swift */ = {isa = PBXFileReference; lastKnownFileType = sourcecode.swift; path = PostErrors.swift; sourceTree = "<group>"; };
		B592209A25B0AFBE0040E2D7 /* ProfileViewController.swift */ = {isa = PBXFileReference; lastKnownFileType = sourcecode.swift; path = ProfileViewController.swift; sourceTree = "<group>"; };
		B5C7EF84266B3AD30041DE61 /* LikedPostsViewController.swift */ = {isa = PBXFileReference; lastKnownFileType = sourcecode.swift; path = LikedPostsViewController.swift; sourceTree = "<group>"; };
		B5C7EF87266B705A0041DE61 /* LikedPostsModel.xcdatamodel */ = {isa = PBXFileReference; lastKnownFileType = wrapper.xcdatamodel; path = LikedPostsModel.xcdatamodel; sourceTree = "<group>"; };
		B5C7EF89266CB7760041DE61 /* LikedPosts+CoreDataClass.swift */ = {isa = PBXFileReference; lastKnownFileType = sourcecode.swift; path = "LikedPosts+CoreDataClass.swift"; sourceTree = "<group>"; };
		B5C7EF8A266CB7760041DE61 /* LikedPosts+CoreDataProperties.swift */ = {isa = PBXFileReference; lastKnownFileType = sourcecode.swift; path = "LikedPosts+CoreDataProperties.swift"; sourceTree = "<group>"; };
		B5C7EF8D266CC2870041DE61 /* CoreDataStack.swift */ = {isa = PBXFileReference; lastKnownFileType = sourcecode.swift; path = CoreDataStack.swift; sourceTree = "<group>"; };
		B5D90E1725C0721600521116 /* LogInViewController.swift */ = {isa = PBXFileReference; lastKnownFileType = sourcecode.swift; path = LogInViewController.swift; sourceTree = "<group>"; };
		B5D959C325D1358A00E742AB /* PhotosTableViewCell.swift */ = {isa = PBXFileReference; lastKnownFileType = sourcecode.swift; path = PhotosTableViewCell.swift; sourceTree = "<group>"; };
		B5D959C525D66A9E00E742AB /* PhotosViewController.swift */ = {isa = PBXFileReference; lastKnownFileType = sourcecode.swift; path = PhotosViewController.swift; sourceTree = "<group>"; };
		B5D959C725D6C70400E742AB /* PhotosCollectionViewCell.swift */ = {isa = PBXFileReference; lastKnownFileType = sourcecode.swift; path = PhotosCollectionViewCell.swift; sourceTree = "<group>"; };
		B5F1DF842605D216000B76FA /* LoginChecker.swift */ = {isa = PBXFileReference; lastKnownFileType = sourcecode.swift; path = LoginChecker.swift; sourceTree = "<group>"; };
		B5F1DF872605D5AD000B76FA /* LoginViewControllerDelegate.swift */ = {isa = PBXFileReference; lastKnownFileType = sourcecode.swift; path = LoginViewControllerDelegate.swift; sourceTree = "<group>"; };
		B5F1DF8A2605D844000B76FA /* LoginInspector.swift */ = {isa = PBXFileReference; lastKnownFileType = sourcecode.swift; path = LoginInspector.swift; sourceTree = "<group>"; };
		F5581D44EC722B4125E813C4 /* Pods-Navigation.debug.xcconfig */ = {isa = PBXFileReference; includeInIndex = 1; lastKnownFileType = text.xcconfig; name = "Pods-Navigation.debug.xcconfig"; path = "Target Support Files/Pods-Navigation/Pods-Navigation.debug.xcconfig"; sourceTree = "<group>"; };
/* End PBXFileReference section */

/* Begin PBXFrameworksBuildPhase section */
		060782AB250CE27700A87020 /* Frameworks */ = {
			isa = PBXFrameworksBuildPhase;
			buildActionMask = 2147483647;
			files = (
				EDBF37B7A6B6A7F41E0FD987 /* Pods_Navigation.framework in Frameworks */,
				B535897B2603D0AE00607A58 /* iOSIntPackage in Frameworks */,
			);
			runOnlyForDeploymentPostprocessing = 0;
		};
/* End PBXFrameworksBuildPhase section */

/* Begin PBXGroup section */
		060782A5250CE27700A87020 = {
			isa = PBXGroup;
			children = (
				B518B627261EFCC9003FD14F /* Errors */,
				B592209725B0AF560040E2D7 /* Profile */,
				060782B0250CE27700A87020 /* Navigation */,
				060782AF250CE27700A87020 /* Products */,
				A57314B283AFEB5CFFCC93F7 /* Pods */,
				C4A8E7EA8FA4F5EF5E036F29 /* Frameworks */,
			);
			sourceTree = "<group>";
		};
		060782AF250CE27700A87020 /* Products */ = {
			isa = PBXGroup;
			children = (
				060782AE250CE27700A87020 /* Navigation.app */,
			);
			name = Products;
			sourceTree = "<group>";
		};
		060782B0250CE27700A87020 /* Navigation */ = {
			isa = PBXGroup;
			children = (
				060782B1250CE27700A87020 /* AppDelegate.swift */,
				060782B3250CE27700A87020 /* SceneDelegate.swift */,
				060782B5250CE27700A87020 /* FeedViewController.swift */,
				060782B7250CE27700A87020 /* Main.storyboard */,
				060782BA250CE27A00A87020 /* Assets.xcassets */,
				060782BC250CE27A00A87020 /* LaunchScreen.storyboard */,
				060782BF250CE27A00A87020 /* Info.plist */,
				060782C5250CEB0A00A87020 /* InfoViewController.swift */,
				060782C7250CEE5D00A87020 /* PostViewController.swift */,
				060782C9250CEE7200A87020 /* Post.swift */,
			);
			path = Navigation;
			sourceTree = "<group>";
		};
		A57314B283AFEB5CFFCC93F7 /* Pods */ = {
			isa = PBXGroup;
			children = (
				F5581D44EC722B4125E813C4 /* Pods-Navigation.debug.xcconfig */,
				ABC7FD54B49DCED76A440D06 /* Pods-Navigation.release.xcconfig */,
			);
			path = Pods;
			sourceTree = "<group>";
		};
		B518B627261EFCC9003FD14F /* Errors */ = {
			isa = PBXGroup;
			children = (
				B518B628261EFCE7003FD14F /* LoginPasswordError.swift */,
				B5786982263FED4D0067AC50 /* PostErrors.swift */,
			);
			path = Errors;
			sourceTree = "<group>";
		};
		B592209725B0AF560040E2D7 /* Profile */ = {
			isa = PBXGroup;
			children = (
				B5C7EF83266B3AB50041DE61 /* Liked Posts */,
				B5C7EF82266B3A2E0041DE61 /* Storage */,
				B5C7EF81266B3A1E0041DE61 /* Photots Collection */,
				B5C7EF80266B3A100041DE61 /* LogIn */,
				B5384ECD25CD3F8C00932CCE /* ProfileTableHeaderView.swift */,
				B5384ECF25CD440000932CCE /* ProfileHeaderView.swift */,
				B592209A25B0AFBE0040E2D7 /* ProfileViewController.swift */,
				B5384ECB25CC5F0E00932CCE /* PostTableViewCell.swift */,
				B5D959C325D1358A00E742AB /* PhotosTableViewCell.swift */,
			);
			path = Profile;
			sourceTree = "<group>";
		};
		B5C7EF80266B3A100041DE61 /* LogIn */ = {
			isa = PBXGroup;
			children = (
				B5D90E1725C0721600521116 /* LogInViewController.swift */,
				B5F1DF872605D5AD000B76FA /* LoginViewControllerDelegate.swift */,
				B5F1DF842605D216000B76FA /* LoginChecker.swift */,
				B5F1DF8A2605D844000B76FA /* LoginInspector.swift */,
			);
			path = LogIn;
			sourceTree = "<group>";
		};
		B5C7EF81266B3A1E0041DE61 /* Photots Collection */ = {
			isa = PBXGroup;
			children = (
				B5D959C525D66A9E00E742AB /* PhotosViewController.swift */,
				B5D959C725D6C70400E742AB /* PhotosCollectionViewCell.swift */,
			);
			path = "Photots Collection";
			sourceTree = "<group>";
		};
		B5C7EF82266B3A2E0041DE61 /* Storage */ = {
			isa = PBXGroup;
			children = (
				B5384EC925CC018600932CCE /* Storage.swift */,
			);
			path = Storage;
			sourceTree = "<group>";
		};
		B5C7EF83266B3AB50041DE61 /* Liked Posts */ = {
			isa = PBXGroup;
			children = (
				B5C7EF89266CB7760041DE61 /* LikedPosts+CoreDataClass.swift */,
				B5C7EF8A266CB7760041DE61 /* LikedPosts+CoreDataProperties.swift */,
				B5C7EF84266B3AD30041DE61 /* LikedPostsViewController.swift */,
				B5C7EF86266B705A0041DE61 /* LikedPostsModel.xcdatamodeld */,
				B5C7EF8D266CC2870041DE61 /* CoreDataStack.swift */,
			);
			path = "Liked Posts";
			sourceTree = "<group>";
		};
		C4A8E7EA8FA4F5EF5E036F29 /* Frameworks */ = {
			isa = PBXGroup;
			children = (
				0BB3B66C2F267D390B920A39 /* Pods_Navigation.framework */,
			);
			name = Frameworks;
			sourceTree = "<group>";
		};
/* End PBXGroup section */

/* Begin PBXNativeTarget section */
		060782AD250CE27700A87020 /* Navigation */ = {
			isa = PBXNativeTarget;
			buildConfigurationList = 060782C2250CE27A00A87020 /* Build configuration list for PBXNativeTarget "Navigation" */;
			buildPhases = (
				0904C29E7AD8FEFAA118001D /* [CP] Check Pods Manifest.lock */,
				060782AA250CE27700A87020 /* Sources */,
				060782AB250CE27700A87020 /* Frameworks */,
				060782AC250CE27700A87020 /* Resources */,
				98BCBA75169BF5221CD365AF /* [CP] Embed Pods Frameworks */,
			);
			buildRules = (
			);
			dependencies = (
			);
			name = Navigation;
			packageProductDependencies = (
				B535897A2603D0AE00607A58 /* iOSIntPackage */,
			);
			productName = Navigation;
			productReference = 060782AE250CE27700A87020 /* Navigation.app */;
			productType = "com.apple.product-type.application";
		};
/* End PBXNativeTarget section */

/* Begin PBXProject section */
		060782A6250CE27700A87020 /* Project object */ = {
			isa = PBXProject;
			attributes = {
				LastSwiftUpdateCheck = 1170;
				LastUpgradeCheck = 1240;
				ORGANIZATIONNAME = "Artem Novichkov";
				TargetAttributes = {
					060782AD250CE27700A87020 = {
						CreatedOnToolsVersion = 11.7;
					};
				};
			};
			buildConfigurationList = 060782A9250CE27700A87020 /* Build configuration list for PBXProject "Navigation" */;
			compatibilityVersion = "Xcode 9.3";
			developmentRegion = en;
			hasScannedForEncodings = 0;
			knownRegions = (
				en,
				Base,
			);
			mainGroup = 060782A5250CE27700A87020;
			packageReferences = (
				B53589792603D0AE00607A58 /* XCRemoteSwiftPackageReference "iOSIntPackage" */,
			);
			productRefGroup = 060782AF250CE27700A87020 /* Products */;
			projectDirPath = "";
			projectRoot = "";
			targets = (
				060782AD250CE27700A87020 /* Navigation */,
			);
		};
/* End PBXProject section */

/* Begin PBXResourcesBuildPhase section */
		060782AC250CE27700A87020 /* Resources */ = {
			isa = PBXResourcesBuildPhase;
			buildActionMask = 2147483647;
			files = (
				060782BE250CE27A00A87020 /* LaunchScreen.storyboard in Resources */,
				060782BB250CE27A00A87020 /* Assets.xcassets in Resources */,
				060782B9250CE27700A87020 /* Main.storyboard in Resources */,
			);
			runOnlyForDeploymentPostprocessing = 0;
		};
/* End PBXResourcesBuildPhase section */

/* Begin PBXShellScriptBuildPhase section */
		0904C29E7AD8FEFAA118001D /* [CP] Check Pods Manifest.lock */ = {
			isa = PBXShellScriptBuildPhase;
			buildActionMask = 2147483647;
			files = (
			);
			inputFileListPaths = (
			);
			inputPaths = (
				"${PODS_PODFILE_DIR_PATH}/Podfile.lock",
				"${PODS_ROOT}/Manifest.lock",
			);
			name = "[CP] Check Pods Manifest.lock";
			outputFileListPaths = (
			);
			outputPaths = (
				"$(DERIVED_FILE_DIR)/Pods-Navigation-checkManifestLockResult.txt",
			);
			runOnlyForDeploymentPostprocessing = 0;
			shellPath = /bin/sh;
			shellScript = "diff \"${PODS_PODFILE_DIR_PATH}/Podfile.lock\" \"${PODS_ROOT}/Manifest.lock\" > /dev/null\nif [ $? != 0 ] ; then\n    # print error to STDERR\n    echo \"error: The sandbox is not in sync with the Podfile.lock. Run 'pod install' or update your CocoaPods installation.\" >&2\n    exit 1\nfi\n# This output is used by Xcode 'outputs' to avoid re-running this script phase.\necho \"SUCCESS\" > \"${SCRIPT_OUTPUT_FILE_0}\"\n";
			showEnvVarsInLog = 0;
		};
		98BCBA75169BF5221CD365AF /* [CP] Embed Pods Frameworks */ = {
			isa = PBXShellScriptBuildPhase;
			buildActionMask = 2147483647;
			files = (
			);
			inputFileListPaths = (
				"${PODS_ROOT}/Target Support Files/Pods-Navigation/Pods-Navigation-frameworks-${CONFIGURATION}-input-files.xcfilelist",
			);
			name = "[CP] Embed Pods Frameworks";
			outputFileListPaths = (
				"${PODS_ROOT}/Target Support Files/Pods-Navigation/Pods-Navigation-frameworks-${CONFIGURATION}-output-files.xcfilelist",
			);
			runOnlyForDeploymentPostprocessing = 0;
			shellPath = /bin/sh;
			shellScript = "\"${PODS_ROOT}/Target Support Files/Pods-Navigation/Pods-Navigation-frameworks.sh\"\n";
			showEnvVarsInLog = 0;
		};
/* End PBXShellScriptBuildPhase section */

/* Begin PBXSourcesBuildPhase section */
		060782AA250CE27700A87020 /* Sources */ = {
			isa = PBXSourcesBuildPhase;
			buildActionMask = 2147483647;
			files = (
				B5384ECC25CC5F0E00932CCE /* PostTableViewCell.swift in Sources */,
				060782B6250CE27700A87020 /* FeedViewController.swift in Sources */,
				B5786983263FED4D0067AC50 /* PostErrors.swift in Sources */,
				060782B2250CE27700A87020 /* AppDelegate.swift in Sources */,
				B5D90E1825C0721600521116 /* LogInViewController.swift in Sources */,
				060782C6250CEB0A00A87020 /* InfoViewController.swift in Sources */,
				060782CA250CEE7200A87020 /* Post.swift in Sources */,
				060782B4250CE27700A87020 /* SceneDelegate.swift in Sources */,
				B5C7EF8B266CB7760041DE61 /* LikedPosts+CoreDataClass.swift in Sources */,
				B5384ED025CD440000932CCE /* ProfileHeaderView.swift in Sources */,
				B5F1DF882605D5AD000B76FA /* LoginViewControllerDelegate.swift in Sources */,
				B5C7EF8C266CB7760041DE61 /* LikedPosts+CoreDataProperties.swift in Sources */,
				B5F1DF8B2605D844000B76FA /* LoginInspector.swift in Sources */,
				B5C7EF88266B705A0041DE61 /* LikedPostsModel.xcdatamodeld in Sources */,
				B5384ECE25CD3F8C00932CCE /* ProfileTableHeaderView.swift in Sources */,
				B518B629261EFCE7003FD14F /* LoginPasswordError.swift in Sources */,
				B5D959C425D1358A00E742AB /* PhotosTableViewCell.swift in Sources */,
				B592209B25B0AFBE0040E2D7 /* ProfileViewController.swift in Sources */,
				B5F1DF852605D216000B76FA /* LoginChecker.swift in Sources */,
				B5D959C825D6C70400E742AB /* PhotosCollectionViewCell.swift in Sources */,
				B5D959C625D66A9E00E742AB /* PhotosViewController.swift in Sources */,
				B5C7EF85266B3AD30041DE61 /* LikedPostsViewController.swift in Sources */,
				060782C8250CEE5D00A87020 /* PostViewController.swift in Sources */,
				B5384ECA25CC018600932CCE /* Storage.swift in Sources */,
				B5C7EF8E266CC2870041DE61 /* CoreDataStack.swift in Sources */,
			);
			runOnlyForDeploymentPostprocessing = 0;
		};
/* End PBXSourcesBuildPhase section */

/* Begin PBXVariantGroup section */
		060782B7250CE27700A87020 /* Main.storyboard */ = {
			isa = PBXVariantGroup;
			children = (
				060782B8250CE27700A87020 /* Base */,
			);
			name = Main.storyboard;
			sourceTree = "<group>";
		};
		060782BC250CE27A00A87020 /* LaunchScreen.storyboard */ = {
			isa = PBXVariantGroup;
			children = (
				060782BD250CE27A00A87020 /* Base */,
			);
			name = LaunchScreen.storyboard;
			sourceTree = "<group>";
		};
/* End PBXVariantGroup section */

/* Begin XCBuildConfiguration section */
		060782C0250CE27A00A87020 /* Debug */ = {
			isa = XCBuildConfiguration;
			buildSettings = {
				ALWAYS_SEARCH_USER_PATHS = NO;
				CLANG_ANALYZER_NONNULL = YES;
				CLANG_ANALYZER_NUMBER_OBJECT_CONVERSION = YES_AGGRESSIVE;
				CLANG_CXX_LANGUAGE_STANDARD = "gnu++14";
				CLANG_CXX_LIBRARY = "libc++";
				CLANG_ENABLE_MODULES = YES;
				CLANG_ENABLE_OBJC_ARC = YES;
				CLANG_ENABLE_OBJC_WEAK = YES;
				CLANG_WARN_BLOCK_CAPTURE_AUTORELEASING = YES;
				CLANG_WARN_BOOL_CONVERSION = YES;
				CLANG_WARN_COMMA = YES;
				CLANG_WARN_CONSTANT_CONVERSION = YES;
				CLANG_WARN_DEPRECATED_OBJC_IMPLEMENTATIONS = YES;
				CLANG_WARN_DIRECT_OBJC_ISA_USAGE = YES_ERROR;
				CLANG_WARN_DOCUMENTATION_COMMENTS = YES;
				CLANG_WARN_EMPTY_BODY = YES;
				CLANG_WARN_ENUM_CONVERSION = YES;
				CLANG_WARN_INFINITE_RECURSION = YES;
				CLANG_WARN_INT_CONVERSION = YES;
				CLANG_WARN_NON_LITERAL_NULL_CONVERSION = YES;
				CLANG_WARN_OBJC_IMPLICIT_RETAIN_SELF = YES;
				CLANG_WARN_OBJC_LITERAL_CONVERSION = YES;
				CLANG_WARN_OBJC_ROOT_CLASS = YES_ERROR;
				CLANG_WARN_QUOTED_INCLUDE_IN_FRAMEWORK_HEADER = YES;
				CLANG_WARN_RANGE_LOOP_ANALYSIS = YES;
				CLANG_WARN_STRICT_PROTOTYPES = YES;
				CLANG_WARN_SUSPICIOUS_MOVE = YES;
				CLANG_WARN_UNGUARDED_AVAILABILITY = YES_AGGRESSIVE;
				CLANG_WARN_UNREACHABLE_CODE = YES;
				CLANG_WARN__DUPLICATE_METHOD_MATCH = YES;
				COPY_PHASE_STRIP = NO;
				DEBUG_INFORMATION_FORMAT = dwarf;
				ENABLE_STRICT_OBJC_MSGSEND = YES;
				ENABLE_TESTABILITY = YES;
				GCC_C_LANGUAGE_STANDARD = gnu11;
				GCC_DYNAMIC_NO_PIC = NO;
				GCC_NO_COMMON_BLOCKS = YES;
				GCC_OPTIMIZATION_LEVEL = 0;
				GCC_PREPROCESSOR_DEFINITIONS = (
					"DEBUG=1",
					"$(inherited)",
				);
				GCC_WARN_64_TO_32_BIT_CONVERSION = YES;
				GCC_WARN_ABOUT_RETURN_TYPE = YES_ERROR;
				GCC_WARN_UNDECLARED_SELECTOR = YES;
				GCC_WARN_UNINITIALIZED_AUTOS = YES_AGGRESSIVE;
				GCC_WARN_UNUSED_FUNCTION = YES;
				GCC_WARN_UNUSED_VARIABLE = YES;
				IPHONEOS_DEPLOYMENT_TARGET = 14.4;
				MTL_ENABLE_DEBUG_INFO = INCLUDE_SOURCE;
				MTL_FAST_MATH = YES;
				ONLY_ACTIVE_ARCH = YES;
				SDKROOT = iphoneos;
				SWIFT_ACTIVE_COMPILATION_CONDITIONS = DEBUG;
				SWIFT_OPTIMIZATION_LEVEL = "-Onone";
			};
			name = Debug;
		};
		060782C1250CE27A00A87020 /* Release */ = {
			isa = XCBuildConfiguration;
			buildSettings = {
				ALWAYS_SEARCH_USER_PATHS = NO;
				CLANG_ANALYZER_NONNULL = YES;
				CLANG_ANALYZER_NUMBER_OBJECT_CONVERSION = YES_AGGRESSIVE;
				CLANG_CXX_LANGUAGE_STANDARD = "gnu++14";
				CLANG_CXX_LIBRARY = "libc++";
				CLANG_ENABLE_MODULES = YES;
				CLANG_ENABLE_OBJC_ARC = YES;
				CLANG_ENABLE_OBJC_WEAK = YES;
				CLANG_WARN_BLOCK_CAPTURE_AUTORELEASING = YES;
				CLANG_WARN_BOOL_CONVERSION = YES;
				CLANG_WARN_COMMA = YES;
				CLANG_WARN_CONSTANT_CONVERSION = YES;
				CLANG_WARN_DEPRECATED_OBJC_IMPLEMENTATIONS = YES;
				CLANG_WARN_DIRECT_OBJC_ISA_USAGE = YES_ERROR;
				CLANG_WARN_DOCUMENTATION_COMMENTS = YES;
				CLANG_WARN_EMPTY_BODY = YES;
				CLANG_WARN_ENUM_CONVERSION = YES;
				CLANG_WARN_INFINITE_RECURSION = YES;
				CLANG_WARN_INT_CONVERSION = YES;
				CLANG_WARN_NON_LITERAL_NULL_CONVERSION = YES;
				CLANG_WARN_OBJC_IMPLICIT_RETAIN_SELF = YES;
				CLANG_WARN_OBJC_LITERAL_CONVERSION = YES;
				CLANG_WARN_OBJC_ROOT_CLASS = YES_ERROR;
				CLANG_WARN_QUOTED_INCLUDE_IN_FRAMEWORK_HEADER = YES;
				CLANG_WARN_RANGE_LOOP_ANALYSIS = YES;
				CLANG_WARN_STRICT_PROTOTYPES = YES;
				CLANG_WARN_SUSPICIOUS_MOVE = YES;
				CLANG_WARN_UNGUARDED_AVAILABILITY = YES_AGGRESSIVE;
				CLANG_WARN_UNREACHABLE_CODE = YES;
				CLANG_WARN__DUPLICATE_METHOD_MATCH = YES;
				COPY_PHASE_STRIP = NO;
				DEBUG_INFORMATION_FORMAT = "dwarf-with-dsym";
				ENABLE_NS_ASSERTIONS = NO;
				ENABLE_STRICT_OBJC_MSGSEND = YES;
				GCC_C_LANGUAGE_STANDARD = gnu11;
				GCC_NO_COMMON_BLOCKS = YES;
				GCC_WARN_64_TO_32_BIT_CONVERSION = YES;
				GCC_WARN_ABOUT_RETURN_TYPE = YES_ERROR;
				GCC_WARN_UNDECLARED_SELECTOR = YES;
				GCC_WARN_UNINITIALIZED_AUTOS = YES_AGGRESSIVE;
				GCC_WARN_UNUSED_FUNCTION = YES;
				GCC_WARN_UNUSED_VARIABLE = YES;
				IPHONEOS_DEPLOYMENT_TARGET = 14.4;
				MTL_ENABLE_DEBUG_INFO = NO;
				MTL_FAST_MATH = YES;
				SDKROOT = iphoneos;
				SWIFT_COMPILATION_MODE = wholemodule;
				SWIFT_OPTIMIZATION_LEVEL = "-O";
				VALIDATE_PRODUCT = YES;
			};
			name = Release;
		};
		060782C3250CE27A00A87020 /* Debug */ = {
			isa = XCBuildConfiguration;
			baseConfigurationReference = F5581D44EC722B4125E813C4 /* Pods-Navigation.debug.xcconfig */;
			buildSettings = {
				ASSETCATALOG_COMPILER_APPICON_NAME = AppIcon;
				CODE_SIGN_STYLE = Automatic;
				DEVELOPMENT_TEAM = 79RZ866842;
				INFOPLIST_FILE = Navigation/Info.plist;
				LD_RUNPATH_SEARCH_PATHS = (
					"$(inherited)",
					"@executable_path/Frameworks",
				);
				PRODUCT_BUNDLE_IDENTIFIER = com.artemnovichkov.Navigation;
				PRODUCT_NAME = "$(TARGET_NAME)";
				SWIFT_VERSION = 5.0;
				TARGETED_DEVICE_FAMILY = "1,2";
			};
			name = Debug;
		};
		060782C4250CE27A00A87020 /* Release */ = {
			isa = XCBuildConfiguration;
			baseConfigurationReference = ABC7FD54B49DCED76A440D06 /* Pods-Navigation.release.xcconfig */;
			buildSettings = {
				ASSETCATALOG_COMPILER_APPICON_NAME = AppIcon;
				CODE_SIGN_STYLE = Automatic;
				DEVELOPMENT_TEAM = 79RZ866842;
				INFOPLIST_FILE = Navigation/Info.plist;
				LD_RUNPATH_SEARCH_PATHS = (
					"$(inherited)",
					"@executable_path/Frameworks",
				);
				PRODUCT_BUNDLE_IDENTIFIER = com.artemnovichkov.Navigation;
				PRODUCT_NAME = "$(TARGET_NAME)";
				SWIFT_VERSION = 5.0;
				TARGETED_DEVICE_FAMILY = "1,2";
			};
			name = Release;
		};
/* End XCBuildConfiguration section */

/* Begin XCConfigurationList section */
		060782A9250CE27700A87020 /* Build configuration list for PBXProject "Navigation" */ = {
			isa = XCConfigurationList;
			buildConfigurations = (
				060782C0250CE27A00A87020 /* Debug */,
				060782C1250CE27A00A87020 /* Release */,
			);
			defaultConfigurationIsVisible = 0;
			defaultConfigurationName = Release;
		};
		060782C2250CE27A00A87020 /* Build configuration list for PBXNativeTarget "Navigation" */ = {
			isa = XCConfigurationList;
			buildConfigurations = (
				060782C3250CE27A00A87020 /* Debug */,
				060782C4250CE27A00A87020 /* Release */,
			);
			defaultConfigurationIsVisible = 0;
			defaultConfigurationName = Release;
		};
/* End XCConfigurationList section */

/* Begin XCRemoteSwiftPackageReference section */
		B53589792603D0AE00607A58 /* XCRemoteSwiftPackageReference "iOSIntPackage" */ = {
			isa = XCRemoteSwiftPackageReference;
			repositoryURL = "https://github.com/TrueMax/iOSIntPackage.git";
			requirement = {
				kind = upToNextMajorVersion;
				minimumVersion = 2.2.0;
			};
		};
/* End XCRemoteSwiftPackageReference section */

/* Begin XCSwiftPackageProductDependency section */
		B535897A2603D0AE00607A58 /* iOSIntPackage */ = {
			isa = XCSwiftPackageProductDependency;
			package = B53589792603D0AE00607A58 /* XCRemoteSwiftPackageReference "iOSIntPackage" */;
			productName = iOSIntPackage;
		};
/* End XCSwiftPackageProductDependency section */

/* Begin XCVersionGroup section */
		B5C7EF86266B705A0041DE61 /* LikedPostsModel.xcdatamodeld */ = {
			isa = XCVersionGroup;
			children = (
				B5C7EF87266B705A0041DE61 /* LikedPostsModel.xcdatamodel */,
			);
			currentVersion = B5C7EF87266B705A0041DE61 /* LikedPostsModel.xcdatamodel */;
			path = LikedPostsModel.xcdatamodeld;
			sourceTree = "<group>";
			versionGroupType = wrapper.xcdatamodel;
		};
/* End XCVersionGroup section */
	};
	rootObject = 060782A6250CE27700A87020 /* Project object */;
}
